
Microsoft Visual Studio Solution File, Format Version 12.00
# Visual Studio Version 17
VisualStudioVersion = 17.10.34928.147
MinimumVisualStudioVersion = 10.0.40219.1
Project("{9A19103F-16F7-4668-BE54-9A1E7A4F7556}") = "YouTubeToMP3", "YouTubeToMP3.csproj", "{BD2972C6-B379-4689-9859-4393DE6F33EF}"
EndProject
Global
	GlobalSection(SolutionConfigurationPlatforms) = preSolution
		Debug|Any CPU = Debug|Any CPU
		Release|Any CPU = Release|Any CPU
	EndGlobalSection
	GlobalSection(ProjectConfigurationPlatforms) = postSolution
		{BD2972C6-B379-4689-9859-4393DE6F33EF}.Debug|Any CPU.ActiveCfg = Debug|Any CPU
		{BD2972C6-B379-4689-9859-4393DE6F33EF}.Debug|Any CPU.Build.0 = Debug|Any CPU
		{BD2972C6-B379-4689-9859-4393DE6F33EF}.Release|Any CPU.ActiveCfg = Release|Any CPU
		{BD2972C6-B379-4689-9859-4393DE6F33EF}.Release|Any CPU.Build.0 = Release|Any CPU
	EndGlobalSection
	GlobalSection(SolutionProperties) = preSolution
		HideSolutionNode = FALSE
	EndGlobalSection
	GlobalSection(ExtensibilityGlobals) = postSolution
		SolutionGuid = {F16F2ACA-3D19-453D-8624-6B6870AD3612}
	EndGlobalSection
EndGlobal
